
Microsoft Visual Studio Solution File, Format Version 12.00
# Visual Studio Version 16
VisualStudioVersion = 16.0.30611.23
MinimumVisualStudioVersion = 10.0.40219.1
Project("{FAE04EC0-301F-11D3-BF4B-00C04F79EFBC}") = "EmployeeManagerService", "EmployeeManagerService.csproj", "{0B05B7A6-F1F8-4694-9709-90B51835CDD0}"
EndProject
Global
	GlobalSection(SolutionConfigurationPlatforms) = preSolution
		Debug|Any CPU = Debug|Any CPU
		Release|Any CPU = Release|Any CPU
	EndGlobalSection
	GlobalSection(ProjectConfigurationPlatforms) = postSolution
		{0B05B7A6-F1F8-4694-9709-90B51835CDD0}.Debug|Any CPU.ActiveCfg = Debug|Any CPU
		{0B05B7A6-F1F8-4694-9709-90B51835CDD0}.Debug|Any CPU.Build.0 = Debug|Any CPU
		{0B05B7A6-F1F8-4694-9709-90B51835CDD0}.Release|Any CPU.ActiveCfg = Release|Any CPU
		{0B05B7A6-F1F8-4694-9709-90B51835CDD0}.Release|Any CPU.Build.0 = Release|Any CPU
	EndGlobalSection
	GlobalSection(SolutionProperties) = preSolution
		HideSolutionNode = FALSE
	EndGlobalSection
	GlobalSection(ExtensibilityGlobals) = postSolution
		SolutionGuid = {407BA6B2-C778-4EBD-854D-30D5763985A4}
	EndGlobalSection
EndGlobal
